
Microsoft Visual Studio Solution File, Format Version 12.00
# Visual Studio Version 17
VisualStudioVersion = 17.11.35219.272
MinimumVisualStudioVersion = 10.0.40219.1
Project("{9A19103F-16F7-4668-BE54-9A1E7A4F7556}") = "WebSeries", "WebSeries\WebSeries.csproj", "{BCD42BF1-FAFD-4771-A661-C52BED42A1C1}"
	ProjectSection(ProjectDependencies) = postProject
		{31F46336-DC02-4DDB-9004-7ADA406348D6} = {31F46336-DC02-4DDB-9004-7ADA406348D6}
		{8FBF309A-7881-487E-9E98-273D8DBF81F0} = {8FBF309A-7881-487E-9E98-273D8DBF81F0}
		{C5079F88-3203-4354-8A7E-F85F756F35D0} = {C5079F88-3203-4354-8A7E-F85F756F35D0}
	EndProjectSection
EndProject
Project("{2150E333-8FDC-42A3-9474-1A3956D46DE8}") = "01. Services", "01. Services", "{6F1DB74C-AB83-4529-B97F-D8255657E31F}"
EndProject
Project("{2150E333-8FDC-42A3-9474-1A3956D46DE8}") = "03. Domain", "03. Domain", "{6A7A6830-D8E8-4302-98D4-BB606916BCCD}"
EndProject
Project("{9A19103F-16F7-4668-BE54-9A1E7A4F7556}") = "Domain.Model", "Domain.Model\Domain.Model.csproj", "{1E424D73-8B32-44EA-AED2-3A54C18EEA88}"
EndProject
Project("{2150E333-8FDC-42A3-9474-1A3956D46DE8}") = "05. Transversal", "05. Transversal", "{5F1F0C83-15B9-4545-85C6-A923BF2AB0CE}"
EndProject
Project("{FAE04EC0-301F-11D3-BF4B-00C04F79EFBC}") = "Transversal", "Transversal\Transversal.csproj", "{31F46336-DC02-4DDB-9004-7ADA406348D6}"
EndProject
Project("{2150E333-8FDC-42A3-9474-1A3956D46DE8}") = "04. Infrastructure", "04. Infrastructure", "{1C2ECD8C-83C8-42D3-8F64-E3058B423ACC}"
EndProject
Project("{FAE04EC0-301F-11D3-BF4B-00C04F79EFBC}") = "Infrastructure", "Infrastructure\Infrastructure.csproj", "{8FBF309A-7881-487E-9E98-273D8DBF81F0}"
EndProject
Project("{2150E333-8FDC-42A3-9474-1A3956D46DE8}") = "02. Aplication", "02. Aplication", "{9B58574E-8CFB-43F2-BB67-7FE7A82A4432}"
EndProject
Project("{FAE04EC0-301F-11D3-BF4B-00C04F79EFBC}") = "Aplication", "Aplication\Aplication.csproj", "{C5079F88-3203-4354-8A7E-F85F756F35D0}"
EndProject
Global
	GlobalSection(SolutionConfigurationPlatforms) = preSolution
		Debug|Any CPU = Debug|Any CPU
		Release|Any CPU = Release|Any CPU
	EndGlobalSection
	GlobalSection(ProjectConfigurationPlatforms) = postSolution
		{BCD42BF1-FAFD-4771-A661-C52BED42A1C1}.Debug|Any CPU.ActiveCfg = Debug|Any CPU
		{BCD42BF1-FAFD-4771-A661-C52BED42A1C1}.Debug|Any CPU.Build.0 = Debug|Any CPU
		{BCD42BF1-FAFD-4771-A661-C52BED42A1C1}.Release|Any CPU.ActiveCfg = Release|Any CPU
		{BCD42BF1-FAFD-4771-A661-C52BED42A1C1}.Release|Any CPU.Build.0 = Release|Any CPU
		{1E424D73-8B32-44EA-AED2-3A54C18EEA88}.Debug|Any CPU.ActiveCfg = Debug|Any CPU
		{1E424D73-8B32-44EA-AED2-3A54C18EEA88}.Debug|Any CPU.Build.0 = Debug|Any CPU
		{1E424D73-8B32-44EA-AED2-3A54C18EEA88}.Release|Any CPU.ActiveCfg = Release|Any CPU
		{1E424D73-8B32-44EA-AED2-3A54C18EEA88}.Release|Any CPU.Build.0 = Release|Any CPU
		{31F46336-DC02-4DDB-9004-7ADA406348D6}.Debug|Any CPU.ActiveCfg = Debug|Any CPU
		{31F46336-DC02-4DDB-9004-7ADA406348D6}.Debug|Any CPU.Build.0 = Debug|Any CPU
		{31F46336-DC02-4DDB-9004-7ADA406348D6}.Release|Any CPU.ActiveCfg = Release|Any CPU
		{31F46336-DC02-4DDB-9004-7ADA406348D6}.Release|Any CPU.Build.0 = Release|Any CPU
		{8FBF309A-7881-487E-9E98-273D8DBF81F0}.Debug|Any CPU.ActiveCfg = Debug|Any CPU
		{8FBF309A-7881-487E-9E98-273D8DBF81F0}.Debug|Any CPU.Build.0 = Debug|Any CPU
		{8FBF309A-7881-487E-9E98-273D8DBF81F0}.Release|Any CPU.ActiveCfg = Release|Any CPU
		{8FBF309A-7881-487E-9E98-273D8DBF81F0}.Release|Any CPU.Build.0 = Release|Any CPU
		{C5079F88-3203-4354-8A7E-F85F756F35D0}.Debug|Any CPU.ActiveCfg = Debug|Any CPU
		{C5079F88-3203-4354-8A7E-F85F756F35D0}.Debug|Any CPU.Build.0 = Debug|Any CPU
		{C5079F88-3203-4354-8A7E-F85F756F35D0}.Release|Any CPU.ActiveCfg = Release|Any CPU
		{C5079F88-3203-4354-8A7E-F85F756F35D0}.Release|Any CPU.Build.0 = Release|Any CPU
	EndGlobalSection
	GlobalSection(SolutionProperties) = preSolution
		HideSolutionNode = FALSE
	EndGlobalSection
	GlobalSection(NestedProjects) = preSolution
		{BCD42BF1-FAFD-4771-A661-C52BED42A1C1} = {6F1DB74C-AB83-4529-B97F-D8255657E31F}
		{1E424D73-8B32-44EA-AED2-3A54C18EEA88} = {6A7A6830-D8E8-4302-98D4-BB606916BCCD}
		{31F46336-DC02-4DDB-9004-7ADA406348D6} = {5F1F0C83-15B9-4545-85C6-A923BF2AB0CE}
		{8FBF309A-7881-487E-9E98-273D8DBF81F0} = {1C2ECD8C-83C8-42D3-8F64-E3058B423ACC}
		{C5079F88-3203-4354-8A7E-F85F756F35D0} = {9B58574E-8CFB-43F2-BB67-7FE7A82A4432}
	EndGlobalSection
	GlobalSection(ExtensibilityGlobals) = postSolution
		SolutionGuid = {583A0FAC-5910-406C-B76F-D2CC9FC683E9}
	EndGlobalSection
EndGlobal
